
Microsoft Visual Studio Solution File, Format Version 12.00
# Visual Studio Version 17
VisualStudioVersion = 17.14.36401.2 d17.14
MinimumVisualStudioVersion = 10.0.40219.1
Project("{FAE04EC0-301F-11D3-BF4B-00C04F79EFBC}") = "Day10", "Day10\Day10.csproj", "{FA4E7A78-0A69-45DD-8E52-E9CE8BC76CC0}"
EndProject
Global
	GlobalSection(SolutionConfigurationPlatforms) = preSolution
		Debug|Any CPU = Debug|Any CPU
		Release|Any CPU = Release|Any CPU
	EndGlobalSection
	GlobalSection(ProjectConfigurationPlatforms) = postSolution
		{FA4E7A78-0A69-45DD-8E52-E9CE8BC76CC0}.Debug|Any CPU.ActiveCfg = Debug|Any CPU
		{FA4E7A78-0A69-45DD-8E52-E9CE8BC76CC0}.Debug|Any CPU.Build.0 = Debug|Any CPU
		{FA4E7A78-0A69-45DD-8E52-E9CE8BC76CC0}.Release|Any CPU.ActiveCfg = Release|Any CPU
		{FA4E7A78-0A69-45DD-8E52-E9CE8BC76CC0}.Release|Any CPU.Build.0 = Release|Any CPU
	EndGlobalSection
	GlobalSection(SolutionProperties) = preSolution
		HideSolutionNode = FALSE
	EndGlobalSection
	GlobalSection(ExtensibilityGlobals) = postSolution
		SolutionGuid = {7148870A-91C6-4EE5-ACB0-3B6D55B888E3}
	EndGlobalSection
EndGlobal
