
Microsoft Visual Studio Solution File, Format Version 12.00
# Visual Studio Version 17
VisualStudioVersion = 17.14.36401.2 d17.14
MinimumVisualStudioVersion = 10.0.40219.1
Project("{FAE04EC0-301F-11D3-BF4B-00C04F79EFBC}") = "Assignment1", "Assignment1\Assignment1.csproj", "{BCC07892-B08E-4384-BA47-23EF73F9A51F}"
EndProject
Global
	GlobalSection(SolutionConfigurationPlatforms) = preSolution
		Debug|Any CPU = Debug|Any CPU
		Release|Any CPU = Release|Any CPU
	EndGlobalSection
	GlobalSection(ProjectConfigurationPlatforms) = postSolution
		{BCC07892-B08E-4384-BA47-23EF73F9A51F}.Debug|Any CPU.ActiveCfg = Debug|Any CPU
		{BCC07892-B08E-4384-BA47-23EF73F9A51F}.Debug|Any CPU.Build.0 = Debug|Any CPU
		{BCC07892-B08E-4384-BA47-23EF73F9A51F}.Release|Any CPU.ActiveCfg = Release|Any CPU
		{BCC07892-B08E-4384-BA47-23EF73F9A51F}.Release|Any CPU.Build.0 = Release|Any CPU
	EndGlobalSection
	GlobalSection(SolutionProperties) = preSolution
		HideSolutionNode = FALSE
	EndGlobalSection
	GlobalSection(ExtensibilityGlobals) = postSolution
		SolutionGuid = {3A027933-6D33-4B3D-B953-8B1CA2577AEC}
	EndGlobalSection
EndGlobal
