
Microsoft Visual Studio Solution File, Format Version 12.00
# Visual Studio Version 17
VisualStudioVersion = 17.14.36401.2
MinimumVisualStudioVersion = 10.0.40219.1
Project("{FAE04EC0-301F-11D3-BF4B-00C04F79EFBC}") = "CodeFirstManytoMany", "CodeFirstManytoMany\CodeFirstManytoMany.csproj", "{273A22D7-E346-4362-9214-445330C88078}"
EndProject
Project("{FAE04EC0-301F-11D3-BF4B-00C04F79EFBC}") = "API.Domain", "API.Domain\API.Domain.csproj", "{25ABB108-74E6-4275-855A-8754DEB68B3F}"
EndProject
Project("{FAE04EC0-301F-11D3-BF4B-00C04F79EFBC}") = "API.Data", "API.Data\API.Data.csproj", "{DA4DA010-E7C7-4A4B-98C6-BF181F8A0F5C}"
EndProject
Project("{FAE04EC0-301F-11D3-BF4B-00C04F79EFBC}") = "API.Application", "API.Application\API.Application.csproj", "{32438BB8-CC40-4AFD-82CD-022A9F414E85}"
EndProject
Project("{FAE04EC0-301F-11D3-BF4B-00C04F79EFBC}") = "API.Infrastructure", "API.Infrastructure\API.Infrastructure.csproj", "{2DEAFAED-0BCF-4723-8B2B-70FAEEF79A29}"
EndProject
Global
	GlobalSection(SolutionConfigurationPlatforms) = preSolution
		Debug|Any CPU = Debug|Any CPU
		Release|Any CPU = Release|Any CPU
	EndGlobalSection
	GlobalSection(ProjectConfigurationPlatforms) = postSolution
		{273A22D7-E346-4362-9214-445330C88078}.Debug|Any CPU.ActiveCfg = Debug|Any CPU
		{273A22D7-E346-4362-9214-445330C88078}.Debug|Any CPU.Build.0 = Debug|Any CPU
		{273A22D7-E346-4362-9214-445330C88078}.Release|Any CPU.ActiveCfg = Release|Any CPU
		{273A22D7-E346-4362-9214-445330C88078}.Release|Any CPU.Build.0 = Release|Any CPU
		{25ABB108-74E6-4275-855A-8754DEB68B3F}.Debug|Any CPU.ActiveCfg = Debug|Any CPU
		{25ABB108-74E6-4275-855A-8754DEB68B3F}.Debug|Any CPU.Build.0 = Debug|Any CPU
		{25ABB108-74E6-4275-855A-8754DEB68B3F}.Release|Any CPU.ActiveCfg = Release|Any CPU
		{25ABB108-74E6-4275-855A-8754DEB68B3F}.Release|Any CPU.Build.0 = Release|Any CPU
		{DA4DA010-E7C7-4A4B-98C6-BF181F8A0F5C}.Debug|Any CPU.ActiveCfg = Debug|Any CPU
		{DA4DA010-E7C7-4A4B-98C6-BF181F8A0F5C}.Debug|Any CPU.Build.0 = Debug|Any CPU
		{DA4DA010-E7C7-4A4B-98C6-BF181F8A0F5C}.Release|Any CPU.ActiveCfg = Release|Any CPU
		{DA4DA010-E7C7-4A4B-98C6-BF181F8A0F5C}.Release|Any CPU.Build.0 = Release|Any CPU
		{32438BB8-CC40-4AFD-82CD-022A9F414E85}.Debug|Any CPU.ActiveCfg = Debug|Any CPU
		{32438BB8-CC40-4AFD-82CD-022A9F414E85}.Debug|Any CPU.Build.0 = Debug|Any CPU
		{32438BB8-CC40-4AFD-82CD-022A9F414E85}.Release|Any CPU.ActiveCfg = Release|Any CPU
		{32438BB8-CC40-4AFD-82CD-022A9F414E85}.Release|Any CPU.Build.0 = Release|Any CPU
		{2DEAFAED-0BCF-4723-8B2B-70FAEEF79A29}.Debug|Any CPU.ActiveCfg = Debug|Any CPU
		{2DEAFAED-0BCF-4723-8B2B-70FAEEF79A29}.Debug|Any CPU.Build.0 = Debug|Any CPU
		{2DEAFAED-0BCF-4723-8B2B-70FAEEF79A29}.Release|Any CPU.ActiveCfg = Release|Any CPU
		{2DEAFAED-0BCF-4723-8B2B-70FAEEF79A29}.Release|Any CPU.Build.0 = Release|Any CPU
	EndGlobalSection
	GlobalSection(SolutionProperties) = preSolution
		HideSolutionNode = FALSE
	EndGlobalSection
	GlobalSection(ExtensibilityGlobals) = postSolution
		SolutionGuid = {48CBB94A-E07E-4378-B8EA-B482A6001131}
	EndGlobalSection
EndGlobal
