
Microsoft Visual Studio Solution File, Format Version 12.00
# Visual Studio Version 17
VisualStudioVersion = 17.14.36401.2 d17.14
MinimumVisualStudioVersion = 10.0.40219.1
Project("{FAE04EC0-301F-11D3-BF4B-00C04F79EFBC}") = "TheCourseHubADO", "TheCourseHubADO\TheCourseHubADO.csproj", "{11B53C1E-6AA8-43B4-820E-C2695A6521E4}"
EndProject
Global
	GlobalSection(SolutionConfigurationPlatforms) = preSolution
		Debug|Any CPU = Debug|Any CPU
		Release|Any CPU = Release|Any CPU
	EndGlobalSection
	GlobalSection(ProjectConfigurationPlatforms) = postSolution
		{11B53C1E-6AA8-43B4-820E-C2695A6521E4}.Debug|Any CPU.ActiveCfg = Debug|Any CPU
		{11B53C1E-6AA8-43B4-820E-C2695A6521E4}.Debug|Any CPU.Build.0 = Debug|Any CPU
		{11B53C1E-6AA8-43B4-820E-C2695A6521E4}.Release|Any CPU.ActiveCfg = Release|Any CPU
		{11B53C1E-6AA8-43B4-820E-C2695A6521E4}.Release|Any CPU.Build.0 = Release|Any CPU
	EndGlobalSection
	GlobalSection(SolutionProperties) = preSolution
		HideSolutionNode = FALSE
	EndGlobalSection
	GlobalSection(ExtensibilityGlobals) = postSolution
		SolutionGuid = {51159941-9A95-492A-A6BD-3CAAA15BB800}
	EndGlobalSection
EndGlobal
