
Microsoft Visual Studio Solution File, Format Version 12.00
# Visual Studio Version 17
VisualStudioVersion = 17.14.36401.2 d17.14
MinimumVisualStudioVersion = 10.0.40219.1
Project("{FAE04EC0-301F-11D3-BF4B-00C04F79EFBC}") = "Day1", "Day1\Day1.csproj", "{5575E381-3AB1-4346-B6BD-80B922B2B511}"
EndProject
Global
	GlobalSection(SolutionConfigurationPlatforms) = preSolution
		Debug|Any CPU = Debug|Any CPU
		Release|Any CPU = Release|Any CPU
	EndGlobalSection
	GlobalSection(ProjectConfigurationPlatforms) = postSolution
		{5575E381-3AB1-4346-B6BD-80B922B2B511}.Debug|Any CPU.ActiveCfg = Debug|Any CPU
		{5575E381-3AB1-4346-B6BD-80B922B2B511}.Debug|Any CPU.Build.0 = Debug|Any CPU
		{5575E381-3AB1-4346-B6BD-80B922B2B511}.Release|Any CPU.ActiveCfg = Release|Any CPU
		{5575E381-3AB1-4346-B6BD-80B922B2B511}.Release|Any CPU.Build.0 = Release|Any CPU
	EndGlobalSection
	GlobalSection(SolutionProperties) = preSolution
		HideSolutionNode = FALSE
	EndGlobalSection
	GlobalSection(ExtensibilityGlobals) = postSolution
		SolutionGuid = {E14DCB3F-B477-41BF-8160-0D707A80FDB6}
	EndGlobalSection
EndGlobal
