
Microsoft Visual Studio Solution File, Format Version 12.00
# Visual Studio Version 17
VisualStudioVersion = 17.14.36401.2 d17.14
MinimumVisualStudioVersion = 10.0.40219.1
Project("{FAE04EC0-301F-11D3-BF4B-00C04F79EFBC}") = "CodeFirst1", "CodeFirst1\CodeFirst1.csproj", "{779FF095-2E21-441C-A221-1B12CAE4FC3A}"
EndProject
Global
	GlobalSection(SolutionConfigurationPlatforms) = preSolution
		Debug|Any CPU = Debug|Any CPU
		Release|Any CPU = Release|Any CPU
	EndGlobalSection
	GlobalSection(ProjectConfigurationPlatforms) = postSolution
		{779FF095-2E21-441C-A221-1B12CAE4FC3A}.Debug|Any CPU.ActiveCfg = Debug|Any CPU
		{779FF095-2E21-441C-A221-1B12CAE4FC3A}.Debug|Any CPU.Build.0 = Debug|Any CPU
		{779FF095-2E21-441C-A221-1B12CAE4FC3A}.Release|Any CPU.ActiveCfg = Release|Any CPU
		{779FF095-2E21-441C-A221-1B12CAE4FC3A}.Release|Any CPU.Build.0 = Release|Any CPU
	EndGlobalSection
	GlobalSection(SolutionProperties) = preSolution
		HideSolutionNode = FALSE
	EndGlobalSection
	GlobalSection(ExtensibilityGlobals) = postSolution
		SolutionGuid = {730B2420-974B-4466-B53D-549AE215B0BF}
	EndGlobalSection
EndGlobal
