
Microsoft Visual Studio Solution File, Format Version 12.00
# Visual Studio Version 17
VisualStudioVersion = 17.14.36401.2 d17.14
MinimumVisualStudioVersion = 10.0.40219.1
Project("{FAE04EC0-301F-11D3-BF4B-00C04F79EFBC}") = "PracticeOne", "PracticeOne\PracticeOne.csproj", "{210876BF-4DC8-4D75-9C32-DBE95836EC0A}"
EndProject
Project("{FAE04EC0-301F-11D3-BF4B-00C04F79EFBC}") = "PracticeOne.Data", "PracticeOne.Data\PracticeOne.Data.csproj", "{2767FFEC-39DD-488D-878E-E811E1BD1389}"
EndProject
Project("{FAE04EC0-301F-11D3-BF4B-00C04F79EFBC}") = "PracticeOne.Application", "PracticeOne.Application\PracticeOne.Application.csproj", "{EAC770B2-F97C-4CB1-948D-5FD5C64489FD}"
EndProject
Project("{FAE04EC0-301F-11D3-BF4B-00C04F79EFBC}") = "PracticeOne.Infrastructure", "PracticeOne.Infrastructure\PracticeOne.Infrastructure.csproj", "{A72255A5-28CD-4B8F-B827-2FD21A7FB12A}"
EndProject
Project("{FAE04EC0-301F-11D3-BF4B-00C04F79EFBC}") = "PracticeOne.Domain", "PracticeOne.Domain\PracticeOne.Domain.csproj", "{E3EEB4EE-3E73-4FA5-92CE-17E1F51B1CF4}"
EndProject
Global
	GlobalSection(SolutionConfigurationPlatforms) = preSolution
		Debug|Any CPU = Debug|Any CPU
		Release|Any CPU = Release|Any CPU
	EndGlobalSection
	GlobalSection(ProjectConfigurationPlatforms) = postSolution
		{210876BF-4DC8-4D75-9C32-DBE95836EC0A}.Debug|Any CPU.ActiveCfg = Debug|Any CPU
		{210876BF-4DC8-4D75-9C32-DBE95836EC0A}.Debug|Any CPU.Build.0 = Debug|Any CPU
		{210876BF-4DC8-4D75-9C32-DBE95836EC0A}.Release|Any CPU.ActiveCfg = Release|Any CPU
		{210876BF-4DC8-4D75-9C32-DBE95836EC0A}.Release|Any CPU.Build.0 = Release|Any CPU
		{2767FFEC-39DD-488D-878E-E811E1BD1389}.Debug|Any CPU.ActiveCfg = Debug|Any CPU
		{2767FFEC-39DD-488D-878E-E811E1BD1389}.Debug|Any CPU.Build.0 = Debug|Any CPU
		{2767FFEC-39DD-488D-878E-E811E1BD1389}.Release|Any CPU.ActiveCfg = Release|Any CPU
		{2767FFEC-39DD-488D-878E-E811E1BD1389}.Release|Any CPU.Build.0 = Release|Any CPU
		{EAC770B2-F97C-4CB1-948D-5FD5C64489FD}.Debug|Any CPU.ActiveCfg = Debug|Any CPU
		{EAC770B2-F97C-4CB1-948D-5FD5C64489FD}.Debug|Any CPU.Build.0 = Debug|Any CPU
		{EAC770B2-F97C-4CB1-948D-5FD5C64489FD}.Release|Any CPU.ActiveCfg = Release|Any CPU
		{EAC770B2-F97C-4CB1-948D-5FD5C64489FD}.Release|Any CPU.Build.0 = Release|Any CPU
		{A72255A5-28CD-4B8F-B827-2FD21A7FB12A}.Debug|Any CPU.ActiveCfg = Debug|Any CPU
		{A72255A5-28CD-4B8F-B827-2FD21A7FB12A}.Debug|Any CPU.Build.0 = Debug|Any CPU
		{A72255A5-28CD-4B8F-B827-2FD21A7FB12A}.Release|Any CPU.ActiveCfg = Release|Any CPU
		{A72255A5-28CD-4B8F-B827-2FD21A7FB12A}.Release|Any CPU.Build.0 = Release|Any CPU
		{E3EEB4EE-3E73-4FA5-92CE-17E1F51B1CF4}.Debug|Any CPU.ActiveCfg = Debug|Any CPU
		{E3EEB4EE-3E73-4FA5-92CE-17E1F51B1CF4}.Debug|Any CPU.Build.0 = Debug|Any CPU
		{E3EEB4EE-3E73-4FA5-92CE-17E1F51B1CF4}.Release|Any CPU.ActiveCfg = Release|Any CPU
		{E3EEB4EE-3E73-4FA5-92CE-17E1F51B1CF4}.Release|Any CPU.Build.0 = Release|Any CPU
	EndGlobalSection
	GlobalSection(SolutionProperties) = preSolution
		HideSolutionNode = FALSE
	EndGlobalSection
	GlobalSection(ExtensibilityGlobals) = postSolution
		SolutionGuid = {59B9CB2D-B6B4-46F9-B55C-C508CE0B3D41}
	EndGlobalSection
EndGlobal
