
Microsoft Visual Studio Solution File, Format Version 12.00
# Visual Studio Version 17
VisualStudioVersion = 17.14.36401.2
MinimumVisualStudioVersion = 10.0.40219.1
Project("{FAE04EC0-301F-11D3-BF4B-00C04F79EFBC}") = "AssignmentRazor", "AssignmentRazor\AssignmentRazor.csproj", "{893E62BE-14E7-46A5-8027-E36790D785C0}"
EndProject
Global
	GlobalSection(SolutionConfigurationPlatforms) = preSolution
		Debug|Any CPU = Debug|Any CPU
		Release|Any CPU = Release|Any CPU
	EndGlobalSection
	GlobalSection(ProjectConfigurationPlatforms) = postSolution
		{893E62BE-14E7-46A5-8027-E36790D785C0}.Debug|Any CPU.ActiveCfg = Debug|Any CPU
		{893E62BE-14E7-46A5-8027-E36790D785C0}.Debug|Any CPU.Build.0 = Debug|Any CPU
		{893E62BE-14E7-46A5-8027-E36790D785C0}.Release|Any CPU.ActiveCfg = Release|Any CPU
		{893E62BE-14E7-46A5-8027-E36790D785C0}.Release|Any CPU.Build.0 = Release|Any CPU
	EndGlobalSection
	GlobalSection(SolutionProperties) = preSolution
		HideSolutionNode = FALSE
	EndGlobalSection
	GlobalSection(ExtensibilityGlobals) = postSolution
		SolutionGuid = {9C2952EE-6BE8-43D7-81EC-AA6C8E81C217}
	EndGlobalSection
EndGlobal
